// !$*UTF8*$!
{
	archiveVersion = 1;
	classes = {
	};
	objectVersion = 45;
	objects = {

/* Begin PBXAggregateTarget section */
		710FE5D9B8B386119D55CF41 /* All */ = {
			isa = PBXAggregateTarget;
			buildConfigurationList = 01A549C541F3744D007C6829 /* Build configuration list for PBXAggregateTarget "All" */;
			buildPhases = (
			);
			dependencies = (
				152BDDC041754DAC2612540F /* PBXTargetDependency */,
				72931DE195489058D5E79C5C /* PBXTargetDependency */,
			);
			name = All;
			productName = All;
		};
/* End PBXAggregateTarget section */

/* Begin PBXBuildFile section */
		3AA017E228F8FB37B79F14C2 /* gmock-all.cc in Sources */ = {isa = PBXBuildFile; fileRef = 32DEC7EBEFF207378100A91F /* gmock-all.cc */; };
		9157B503C00E0A68C1972A6B /* gtest-all.cc in Sources */ = {isa = PBXBuildFile; fileRef = C2A48079752AB3CA6F315477 /* gtest-all.cc */; };
		A972D66735281F95F0F27937 /* gtest_main.cc in Sources */ = {isa = PBXBuildFile; fileRef = 4086F9B82B37A1158C995578 /* gtest_main.cc */; };
/* End PBXBuildFile section */

/* Begin PBXContainerItemProxy section */
		7A720B203CDF106EA4491950 /* PBXContainerItemProxy */ = {
			isa = PBXContainerItemProxy;
			containerPortal = AB27E9FB6AAB8949FC7A41B6 /* Project object */;
			proxyType = 1;
			remoteGlobalIDString = 5F806667FA7E0C0A78D70ACB;
			remoteInfo = gmock;
		};
		F1AC9A033B5BE973C963252A /* PBXContainerItemProxy */ = {
			isa = PBXContainerItemProxy;
			containerPortal = AB27E9FB6AAB8949FC7A41B6 /* Project object */;
			proxyType = 1;
			remoteGlobalIDString = 4D4390F62B4460508B8A83FC;
			remoteInfo = gtest;
		};
/* End PBXContainerItemProxy section */

/* Begin PBXFileReference section */
		32DEC7EBEFF207378100A91F /* gmock-all.cc */ = {isa = PBXFileReference; lastKnownFileType = sourcecode.cpp.cpp; path = "gmock-all.cc"; sourceTree = "<group>"; };
		4086F9B82B37A1158C995578 /* gtest_main.cc */ = {isa = PBXFileReference; lastKnownFileType = sourcecode.cpp.cpp; path = gtest_main.cc; sourceTree = "<group>"; };
		5D140E1B5F97320E5108BF3D /* libgtest.a */ = {isa = PBXFileReference; explicitFileType = archive.ar; includeInIndex = 0; path = libgtest.a; sourceTree = BUILT_PRODUCTS_DIR; };
		958FDA18A7B9DD7D66BEB50E /* libgmock.a */ = {isa = PBXFileReference; explicitFileType = archive.ar; includeInIndex = 0; path = libgmock.a; sourceTree = BUILT_PRODUCTS_DIR; };
		998F01B96915480AF5AB5682 /* testing.gyp */ = {isa = PBXFileReference; explicitFileType = sourcecode; path = testing.gyp; sourceTree = "<group>"; };
		C2A48079752AB3CA6F315477 /* gtest-all.cc */ = {isa = PBXFileReference; lastKnownFileType = sourcecode.cpp.cpp; path = "gtest-all.cc"; sourceTree = "<group>"; };
		F0F22C7E6A51CF14ED1F5950 /* filename_rules.gypi */ = {isa = PBXFileReference; explicitFileType = sourcecode; name = filename_rules.gypi; path = ../../../build/filename_rules.gypi; sourceTree = "<group>"; };
		F52C7E5A5D59D519AC539D39 /* common.gypi */ = {isa = PBXFileReference; explicitFileType = sourcecode; name = common.gypi; path = ../../../build/common.gypi; sourceTree = "<group>"; };
/* End PBXFileReference section */

/* Begin PBXFrameworksBuildPhase section */
		93A14C7963EC013F165CAD23 /* Frameworks */ = {
			isa = PBXFrameworksBuildPhase;
			buildActionMask = 2147483647;
			files = (
			);
			runOnlyForDeploymentPostprocessing = 0;
		};
		C2162E70CF37E3B8800A5D1B /* Frameworks */ = {
			isa = PBXFrameworksBuildPhase;
			buildActionMask = 2147483647;
			files = (
			);
			runOnlyForDeploymentPostprocessing = 0;
		};
/* End PBXFrameworksBuildPhase section */

/* Begin PBXGroup section */
		0A68A6ED2E3BB86E4F67F5CF /* Products */ = {
			isa = PBXGroup;
			children = (
				5D140E1B5F97320E5108BF3D /* libgtest.a */,
				958FDA18A7B9DD7D66BEB50E /* libgmock.a */,
			);
			name = Products;
			sourceTree = "<group>";
		};
		3369D140E45A0D04B75A7F6C /* Build */ = {
			isa = PBXGroup;
			children = (
				F52C7E5A5D59D519AC539D39 /* common.gypi */,
				F0F22C7E6A51CF14ED1F5950 /* filename_rules.gypi */,
				998F01B96915480AF5AB5682 /* testing.gyp */,
			);
			name = Build;
			sourceTree = "<group>";
		};
		4E580FE8A5A200B9BDC15D6F /* googlemock/src */ = {
			isa = PBXGroup;
			children = (
				32DEC7EBEFF207378100A91F /* gmock-all.cc */,
			);
			path = googlemock/src;
			sourceTree = "<group>";
		};
		92C865A4C241BB7B678FAA8C = {
			isa = PBXGroup;
			children = (
				96B9AAC51D934BB727A0693F /* Source */,
				0A68A6ED2E3BB86E4F67F5CF /* Products */,
				3369D140E45A0D04B75A7F6C /* Build */,
			);
			sourceTree = "<group>";
		};
		96B9AAC51D934BB727A0693F /* Source */ = {
			isa = PBXGroup;
			children = (
				4E580FE8A5A200B9BDC15D6F /* googlemock/src */,
				99CB135FBD358BC1A2B933BE /* googletest/src */,
			);
			name = Source;
			path = ../../../testing;
			sourceTree = "<group>";
		};
		99CB135FBD358BC1A2B933BE /* googletest/src */ = {
			isa = PBXGroup;
			children = (
				C2A48079752AB3CA6F315477 /* gtest-all.cc */,
				4086F9B82B37A1158C995578 /* gtest_main.cc */,
			);
			path = googletest/src;
			sourceTree = "<group>";
		};
/* End PBXGroup section */

/* Begin PBXNativeTarget section */
		4D4390F62B4460508B8A83FC /* gtest */ = {
			isa = PBXNativeTarget;
			buildConfigurationList = 332916FCBB8D5D4BA575CE4E /* Build configuration list for PBXNativeTarget "gtest" */;
			buildPhases = (
				9EF18044C7B58F1ADA5916C6 /* Sources */,
				93A14C7963EC013F165CAD23 /* Frameworks */,
			);
			buildRules = (
			);
			dependencies = (
			);
			name = gtest;
			productName = gtest;
			productReference = 5D140E1B5F97320E5108BF3D /* libgtest.a */;
			productType = "com.apple.product-type.library.static";
		};
		5F806667FA7E0C0A78D70ACB /* gmock */ = {
			isa = PBXNativeTarget;
			buildConfigurationList = 37BB4A7BD185134BB8406981 /* Build configuration list for PBXNativeTarget "gmock" */;
			buildPhases = (
				41170A349A39ADD5C4B62EE5 /* Sources */,
				C2162E70CF37E3B8800A5D1B /* Frameworks */,
			);
			buildRules = (
			);
			dependencies = (
			);
			name = gmock;
			productName = gmock;
			productReference = 958FDA18A7B9DD7D66BEB50E /* libgmock.a */;
			productType = "com.apple.product-type.library.static";
		};
/* End PBXNativeTarget section */

/* Begin PBXProject section */
		AB27E9FB6AAB8949FC7A41B6 /* Project object */ = {
			isa = PBXProject;
			attributes = {
				BuildIndependentTargetsInParallel = YES;
			};
			buildConfigurationList = A2535AC59EF00CAA892A6FFB /* Build configuration list for PBXProject "testing" */;
			compatibilityVersion = "Xcode 3.2";
			hasScannedForEncodings = 1;
			mainGroup = 92C865A4C241BB7B678FAA8C;
			projectDirPath = "";
			projectRoot = "";
			targets = (
				710FE5D9B8B386119D55CF41 /* All */,
				4D4390F62B4460508B8A83FC /* gtest */,
				5F806667FA7E0C0A78D70ACB /* gmock */,
			);
		};
/* End PBXProject section */

/* Begin PBXSourcesBuildPhase section */
		41170A349A39ADD5C4B62EE5 /* Sources */ = {
			isa = PBXSourcesBuildPhase;
			buildActionMask = 2147483647;
			files = (
				3AA017E228F8FB37B79F14C2 /* gmock-all.cc in Sources */,
				A972D66735281F95F0F27937 /* gtest_main.cc in Sources */,
			);
			runOnlyForDeploymentPostprocessing = 0;
		};
		9EF18044C7B58F1ADA5916C6 /* Sources */ = {
			isa = PBXSourcesBuildPhase;
			buildActionMask = 2147483647;
			files = (
				9157B503C00E0A68C1972A6B /* gtest-all.cc in Sources */,
			);
			runOnlyForDeploymentPostprocessing = 0;
		};
/* End PBXSourcesBuildPhase section */

/* Begin PBXTargetDependency section */
		152BDDC041754DAC2612540F /* PBXTargetDependency */ = {
			isa = PBXTargetDependency;
			target = 4D4390F62B4460508B8A83FC /* gtest */;
			targetProxy = F1AC9A033B5BE973C963252A /* PBXContainerItemProxy */;
		};
		72931DE195489058D5E79C5C /* PBXTargetDependency */ = {
			isa = PBXTargetDependency;
			target = 5F806667FA7E0C0A78D70ACB /* gmock */;
			targetProxy = 7A720B203CDF106EA4491950 /* PBXContainerItemProxy */;
		};
/* End PBXTargetDependency section */

/* Begin XCBuildConfiguration section */
		66334BFBF55C753CCD765188 /* Release */ = {
			isa = XCBuildConfiguration;
			buildSettings = {
				ALWAYS_SEARCH_USER_PATHS = NO;
				DEAD_CODE_STRIPPING = YES;
				EXECUTABLE_PREFIX = lib;
				GCC_CW_ASM_SYNTAX = NO;
				GCC_C_LANGUAGE_STANDARD = c99;
				GCC_DYNAMIC_NO_PIC = NO;
				GCC_ENABLE_CPP_EXCEPTIONS = NO;
				GCC_ENABLE_CPP_RTTI = YES;
				GCC_ENABLE_PASCAL_STRINGS = NO;
				GCC_INLINES_ARE_PRIVATE_EXTERN = YES;
				GCC_OBJC_CALL_CXX_CDTORS = YES;
				GCC_OPTIMIZATION_LEVEL = 3;
				GCC_PRECOMPILE_PREFIX_HEADER = YES;
				GCC_PREPROCESSOR_DEFINITIONS = (
					"_VARIADIC_MAX=10",
					NDEBUG,
					NVALGRIND,
					OFFICIAL_BUILD,
				);
				GCC_SYMBOLS_PRIVATE_EXTERN = YES;
				GCC_THREADSAFE_STATICS = NO;
				GCC_TREAT_WARNINGS_AS_ERRORS = NO;
				GCC_VERSION = 4.2;
				GCC_WARN_ABOUT_MISSING_NEWLINE = YES;
				HEADER_SEARCH_PATHS = (
					../../../testing/include,
					../../../testing/googletest/include,
					../../../testing/googletest,
					../../../testing,
				);
				MACOSX_DEPLOYMENT_TARGET = 10.5;
				OTHER_CFLAGS = "";
				PREBINDING = NO;
				PRODUCT_NAME = gtest;
				USE_HEADERMAP = NO;
				WARNING_CFLAGS = "-Wendif-labels";
				WARNING_CFLAGS_excluded = "-Wall";
			};
			name = Release;
		};
		7099EBB3C496D4EE50262BF0 /* Debug */ = {
			isa = XCBuildConfiguration;
			buildSettings = {
				INTERMEDIATE_DIR = "$(PROJECT_DERIVED_FILE_DIR)/$(CONFIGURATION)";
				SDKROOT = macosx10.5;
				SHARED_INTERMEDIATE_DIR = "$(SYMROOT)/DerivedSources/$(CONFIGURATION)";
				SYMROOT = ../../../xcodebuild;
			};
			name = Debug;
		};
		70AD35744894D0F870197F04 /* Release */ = {
			isa = XCBuildConfiguration;
			buildSettings = {
				PRODUCT_NAME = All;
			};
			name = Release;
		};
		8337A327B2439BFA03CADA4D /* Release */ = {
			isa = XCBuildConfiguration;
			buildSettings = {
				ALWAYS_SEARCH_USER_PATHS = NO;
				DEAD_CODE_STRIPPING = YES;
				EXECUTABLE_PREFIX = lib;
				GCC_CW_ASM_SYNTAX = NO;
				GCC_C_LANGUAGE_STANDARD = c99;
				GCC_DYNAMIC_NO_PIC = NO;
				GCC_ENABLE_CPP_EXCEPTIONS = NO;
				GCC_ENABLE_CPP_RTTI = YES;
				GCC_ENABLE_PASCAL_STRINGS = NO;
				GCC_INLINES_ARE_PRIVATE_EXTERN = YES;
				GCC_OBJC_CALL_CXX_CDTORS = YES;
				GCC_OPTIMIZATION_LEVEL = 3;
				GCC_PRECOMPILE_PREFIX_HEADER = YES;
				GCC_PREPROCESSOR_DEFINITIONS = (
					"_VARIADIC_MAX=10",
					NDEBUG,
					NVALGRIND,
					OFFICIAL_BUILD,
				);
				GCC_SYMBOLS_PRIVATE_EXTERN = YES;
				GCC_THREADSAFE_STATICS = NO;
				GCC_TREAT_WARNINGS_AS_ERRORS = NO;
				GCC_VERSION = 4.2;
				GCC_WARN_ABOUT_MISSING_NEWLINE = YES;
				HEADER_SEARCH_PATHS = (
					../../../testing/include,
					../../../testing/googletest/include,
					../../../testing/googletest,
					../../../testing/googlemock/include,
					../../../testing/googlemock,
					../../../testing,
				);
				MACOSX_DEPLOYMENT_TARGET = 10.5;
				OTHER_CFLAGS = "";
				PREBINDING = NO;
				PRODUCT_NAME = gmock;
				USE_HEADERMAP = NO;
				WARNING_CFLAGS = "-Wendif-labels";
				WARNING_CFLAGS_excluded = "-Wall";
			};
			name = Release;
		};
		980501CE77D3D8D5215938C1 /* Debug */ = {
			isa = XCBuildConfiguration;
			buildSettings = {
				PRODUCT_NAME = All;
			};
			name = Debug;
		};
		ABE6B9B126E6540CFA6C25AA /* Release */ = {
			isa = XCBuildConfiguration;
			buildSettings = {
				INTERMEDIATE_DIR = "$(PROJECT_DERIVED_FILE_DIR)/$(CONFIGURATION)";
				SDKROOT = macosx10.5;
				SHARED_INTERMEDIATE_DIR = "$(SYMROOT)/DerivedSources/$(CONFIGURATION)";
				SYMROOT = ../../../xcodebuild;
			};
			name = Release;
		};
		BFBAA347C4E6BDD9E4B3D4EC /* Debug */ = {
			isa = XCBuildConfiguration;
			buildSettings = {
				ALWAYS_SEARCH_USER_PATHS = NO;
				COPY_PHASE_STRIP = NO;
				EXECUTABLE_PREFIX = lib;
				GCC_CW_ASM_SYNTAX = NO;
				GCC_C_LANGUAGE_STANDARD = c99;
				GCC_DYNAMIC_NO_PIC = NO;
				GCC_ENABLE_CPP_EXCEPTIONS = NO;
				GCC_ENABLE_CPP_RTTI = YES;
				GCC_ENABLE_PASCAL_STRINGS = NO;
				GCC_INLINES_ARE_PRIVATE_EXTERN = YES;
				GCC_OBJC_CALL_CXX_CDTORS = YES;
				GCC_OPTIMIZATION_LEVEL = 0;
				GCC_PRECOMPILE_PREFIX_HEADER = YES;
				GCC_PREPROCESSOR_DEFINITIONS = "_VARIADIC_MAX=10";
				GCC_SYMBOLS_PRIVATE_EXTERN = YES;
				GCC_THREADSAFE_STATICS = NO;
				GCC_TREAT_WARNINGS_AS_ERRORS = NO;
				GCC_VERSION = 4.2;
				GCC_WARN_ABOUT_MISSING_NEWLINE = YES;
				HEADER_SEARCH_PATHS = (
					../../../testing/include,
					../../../testing/googletest/include,
					../../../testing/googletest,
					../../../testing,
				);
				MACOSX_DEPLOYMENT_TARGET = 10.5;
				OTHER_CFLAGS = "";
				PREBINDING = NO;
				PRODUCT_NAME = gtest;
				USE_HEADERMAP = NO;
				WARNING_CFLAGS = "-Wendif-labels";
				WARNING_CFLAGS_excluded = "-Wall";
			};
			name = Debug;
		};
		C5C10B51EBE982A65A507C41 /* Debug */ = {
			isa = XCBuildConfiguration;
			buildSettings = {
				ALWAYS_SEARCH_USER_PATHS = NO;
				COPY_PHASE_STRIP = NO;
				EXECUTABLE_PREFIX = lib;
				GCC_CW_ASM_SYNTAX = NO;
				GCC_C_LANGUAGE_STANDARD = c99;
				GCC_DYNAMIC_NO_PIC = NO;
				GCC_ENABLE_CPP_EXCEPTIONS = NO;
				GCC_ENABLE_CPP_RTTI = YES;
				GCC_ENABLE_PASCAL_STRINGS = NO;
				GCC_INLINES_ARE_PRIVATE_EXTERN = YES;
				GCC_OBJC_CALL_CXX_CDTORS = YES;
				GCC_OPTIMIZATION_LEVEL = 0;
				GCC_PRECOMPILE_PREFIX_HEADER = YES;
				GCC_PREPROCESSOR_DEFINITIONS = "_VARIADIC_MAX=10";
				GCC_SYMBOLS_PRIVATE_EXTERN = YES;
				GCC_THREADSAFE_STATICS = NO;
				GCC_TREAT_WARNINGS_AS_ERRORS = NO;
				GCC_VERSION = 4.2;
				GCC_WARN_ABOUT_MISSING_NEWLINE = YES;
				HEADER_SEARCH_PATHS = (
					../../../testing/include,
					../../../testing/googletest/include,
					../../../testing/googletest,
					../../../testing/googlemock/include,
					../../../testing/googlemock,
					../../../testing,
				);
				MACOSX_DEPLOYMENT_TARGET = 10.5;
				OTHER_CFLAGS = "";
				PREBINDING = NO;
				PRODUCT_NAME = gmock;
				USE_HEADERMAP = NO;
				WARNING_CFLAGS = "-Wendif-labels";
				WARNING_CFLAGS_excluded = "-Wall";
			};
			name = Debug;
		};
/* End XCBuildConfiguration section */

/* Begin XCConfigurationList section */
		01A549C541F3744D007C6829 /* Build configuration list for PBXAggregateTarget "All" */ = {
			isa = XCConfigurationList;
			buildConfigurations = (
				980501CE77D3D8D5215938C1 /* Debug */,
				70AD35744894D0F870197F04 /* Release */,
			);
			defaultConfigurationIsVisible = 1;
			defaultConfigurationName = Debug;
		};
		332916FCBB8D5D4BA575CE4E /* Build configuration list for PBXNativeTarget "gtest" */ = {
			isa = XCConfigurationList;
			buildConfigurations = (
				BFBAA347C4E6BDD9E4B3D4EC /* Debug */,
				66334BFBF55C753CCD765188 /* Release */,
			);
			defaultConfigurationIsVisible = 1;
			defaultConfigurationName = Debug;
		};
		37BB4A7BD185134BB8406981 /* Build configuration list for PBXNativeTarget "gmock" */ = {
			isa = XCConfigurationList;
			buildConfigurations = (
				C5C10B51EBE982A65A507C41 /* Debug */,
				8337A327B2439BFA03CADA4D /* Release */,
			);
			defaultConfigurationIsVisible = 1;
			defaultConfigurationName = Debug;
		};
		A2535AC59EF00CAA892A6FFB /* Build configuration list for PBXProject "testing" */ = {
			isa = XCConfigurationList;
			buildConfigurations = (
				7099EBB3C496D4EE50262BF0 /* Debug */,
				ABE6B9B126E6540CFA6C25AA /* Release */,
			);
			defaultConfigurationIsVisible = 1;
			defaultConfigurationName = Debug;
		};
/* End XCConfigurationList section */
	};
	rootObject = AB27E9FB6AAB8949FC7A41B6 /* Project object */;
}
