// !$*UTF8*$!
{
	archiveVersion = 1;
	classes = {
	};
	objectVersion = 45;
	objects = {

/* Begin PBXBuildFile section */
		998D25D8A0AB10DA6EA9D662 /* ms_symbol_server_converter.cc in Sources */ = {isa = PBXBuildFile; fileRef = 549CBE246B1B8007759712C1 /* ms_symbol_server_converter.cc */; };
/* End PBXBuildFile section */

/* Begin PBXFileReference section */
		549CBE246B1B8007759712C1 /* ms_symbol_server_converter.cc */ = {isa = PBXFileReference; lastKnownFileType = sourcecode.cpp.cpp; path = ms_symbol_server_converter.cc; sourceTree = "<group>"; };
		6F1FBECD458927F64DA99751 /* filename_rules.gypi */ = {isa = PBXFileReference; explicitFileType = sourcecode; name = filename_rules.gypi; path = ../../../build/filename_rules.gypi; sourceTree = "<group>"; };
		7FC3C364F844897E06663BEA /* libms_symbol_server_converter.a */ = {isa = PBXFileReference; explicitFileType = archive.ar; includeInIndex = 0; path = libms_symbol_server_converter.a; sourceTree = BUILT_PRODUCTS_DIR; };
		8E289B77E157361FC80C040B /* ms_symbol_server_converter.gyp */ = {isa = PBXFileReference; explicitFileType = sourcecode; path = ms_symbol_server_converter.gyp; sourceTree = "<group>"; };
		FFC7BFE0C97DFE9DEE580BA8 /* common.gypi */ = {isa = PBXFileReference; explicitFileType = sourcecode; name = common.gypi; path = ../../../build/common.gypi; sourceTree = "<group>"; };
/* End PBXFileReference section */

/* Begin PBXFrameworksBuildPhase section */
		FDD5C5AA393349CF53EFFB32 /* Frameworks */ = {
			isa = PBXFrameworksBuildPhase;
			buildActionMask = 2147483647;
			files = (
			);
			runOnlyForDeploymentPostprocessing = 0;
		};
/* End PBXFrameworksBuildPhase section */

/* Begin PBXGroup section */
		59E7AD83BDD4D33D7F9B09BA /* Build */ = {
			isa = PBXGroup;
			children = (
				FFC7BFE0C97DFE9DEE580BA8 /* common.gypi */,
				6F1FBECD458927F64DA99751 /* filename_rules.gypi */,
				8E289B77E157361FC80C040B /* ms_symbol_server_converter.gyp */,
			);
			name = Build;
			sourceTree = "<group>";
		};
		908EF133652D1AA3B8570FF9 /* Products */ = {
			isa = PBXGroup;
			children = (
				7FC3C364F844897E06663BEA /* libms_symbol_server_converter.a */,
			);
			name = Products;
			sourceTree = "<group>";
		};
		AA4C2D16F2199A2EFEFABCB9 = {
			isa = PBXGroup;
			children = (
				ECB38C71121B2CDD7A3DE5D5 /* Source */,
				908EF133652D1AA3B8570FF9 /* Products */,
				59E7AD83BDD4D33D7F9B09BA /* Build */,
			);
			sourceTree = "<group>";
		};
		ECB38C71121B2CDD7A3DE5D5 /* Source */ = {
			isa = PBXGroup;
			children = (
				549CBE246B1B8007759712C1 /* ms_symbol_server_converter.cc */,
			);
			name = Source;
			sourceTree = "<group>";
		};
/* End PBXGroup section */

/* Begin PBXNativeTarget section */
		D5B3EC08BED4AE2E7252B94D /* ms_symbol_server_converter */ = {
			isa = PBXNativeTarget;
			buildConfigurationList = 7D66E92AA3B4F02E249421DA /* Build configuration list for PBXNativeTarget "ms_symbol_server_converter" */;
			buildPhases = (
				7F31041921B6438B56A94373 /* Sources */,
				FDD5C5AA393349CF53EFFB32 /* Frameworks */,
			);
			buildRules = (
			);
			dependencies = (
			);
			name = ms_symbol_server_converter;
			productName = ms_symbol_server_converter;
			productReference = 7FC3C364F844897E06663BEA /* libms_symbol_server_converter.a */;
			productType = "com.apple.product-type.library.static";
		};
/* End PBXNativeTarget section */

/* Begin PBXProject section */
		DC67AFFDFFEC99248884F047 /* Project object */ = {
			isa = PBXProject;
			attributes = {
				BuildIndependentTargetsInParallel = YES;
			};
			buildConfigurationList = 3D83F83E55A97CE6F83A852E /* Build configuration list for PBXProject "ms_symbol_server_converter" */;
			compatibilityVersion = "Xcode 3.2";
			hasScannedForEncodings = 1;
			mainGroup = AA4C2D16F2199A2EFEFABCB9;
			projectDirPath = "";
			projectRoot = "";
			targets = (
				D5B3EC08BED4AE2E7252B94D /* ms_symbol_server_converter */,
			);
		};
/* End PBXProject section */

/* Begin PBXSourcesBuildPhase section */
		7F31041921B6438B56A94373 /* Sources */ = {
			isa = PBXSourcesBuildPhase;
			buildActionMask = 2147483647;
			files = (
				998D25D8A0AB10DA6EA9D662 /* ms_symbol_server_converter.cc in Sources */,
			);
			runOnlyForDeploymentPostprocessing = 0;
		};
/* End PBXSourcesBuildPhase section */

/* Begin XCBuildConfiguration section */
		33F493A4115E36CAED86C55D /* Release */ = {
			isa = XCBuildConfiguration;
			buildSettings = {
				INTERMEDIATE_DIR = "$(PROJECT_DERIVED_FILE_DIR)/$(CONFIGURATION)";
				SDKROOT = macosx10.5;
				SHARED_INTERMEDIATE_DIR = "$(SYMROOT)/DerivedSources/$(CONFIGURATION)";
				SYMROOT = ../../../xcodebuild;
			};
			name = Release;
		};
		988E81E4E7064460906807BF /* Release */ = {
			isa = XCBuildConfiguration;
			buildSettings = {
				ALWAYS_SEARCH_USER_PATHS = NO;
				DEAD_CODE_STRIPPING = YES;
				EXECUTABLE_PREFIX = lib;
				GCC_CW_ASM_SYNTAX = NO;
				GCC_C_LANGUAGE_STANDARD = c99;
				GCC_DYNAMIC_NO_PIC = NO;
				GCC_ENABLE_CPP_EXCEPTIONS = NO;
				GCC_ENABLE_CPP_RTTI = YES;
				GCC_ENABLE_PASCAL_STRINGS = NO;
				GCC_INLINES_ARE_PRIVATE_EXTERN = YES;
				GCC_OBJC_CALL_CXX_CDTORS = YES;
				GCC_OPTIMIZATION_LEVEL = 3;
				GCC_PRECOMPILE_PREFIX_HEADER = YES;
				GCC_PREPROCESSOR_DEFINITIONS = (
					NDEBUG,
					NVALGRIND,
					OFFICIAL_BUILD,
				);
				GCC_SYMBOLS_PRIVATE_EXTERN = YES;
				GCC_THREADSAFE_STATICS = NO;
				GCC_TREAT_WARNINGS_AS_ERRORS = NO;
				GCC_VERSION = 4.2;
				GCC_WARN_ABOUT_MISSING_NEWLINE = YES;
				HEADER_SEARCH_PATHS = (
					../../..,
					"$(VSInstallDir)/DIA SDK/include",
				);
				MACOSX_DEPLOYMENT_TARGET = 10.5;
				OTHER_CFLAGS = "";
				PREBINDING = NO;
				PRODUCT_NAME = ms_symbol_server_converter;
				USE_HEADERMAP = NO;
				WARNING_CFLAGS = "-Wendif-labels";
				WARNING_CFLAGS_excluded = "-Wall";
			};
			name = Release;
		};
		D905C0089D756B45FB5595A0 /* Debug */ = {
			isa = XCBuildConfiguration;
			buildSettings = {
				ALWAYS_SEARCH_USER_PATHS = NO;
				COPY_PHASE_STRIP = NO;
				EXECUTABLE_PREFIX = lib;
				GCC_CW_ASM_SYNTAX = NO;
				GCC_C_LANGUAGE_STANDARD = c99;
				GCC_DYNAMIC_NO_PIC = NO;
				GCC_ENABLE_CPP_EXCEPTIONS = NO;
				GCC_ENABLE_CPP_RTTI = YES;
				GCC_ENABLE_PASCAL_STRINGS = NO;
				GCC_INLINES_ARE_PRIVATE_EXTERN = YES;
				GCC_OBJC_CALL_CXX_CDTORS = YES;
				GCC_OPTIMIZATION_LEVEL = 0;
				GCC_PRECOMPILE_PREFIX_HEADER = YES;
				GCC_SYMBOLS_PRIVATE_EXTERN = YES;
				GCC_THREADSAFE_STATICS = NO;
				GCC_TREAT_WARNINGS_AS_ERRORS = NO;
				GCC_VERSION = 4.2;
				GCC_WARN_ABOUT_MISSING_NEWLINE = YES;
				HEADER_SEARCH_PATHS = (
					../../..,
					"$(VSInstallDir)/DIA SDK/include",
				);
				MACOSX_DEPLOYMENT_TARGET = 10.5;
				OTHER_CFLAGS = "";
				PREBINDING = NO;
				PRODUCT_NAME = ms_symbol_server_converter;
				USE_HEADERMAP = NO;
				WARNING_CFLAGS = "-Wendif-labels";
				WARNING_CFLAGS_excluded = "-Wall";
			};
			name = Debug;
		};
		E80DE4294C9D160268542AFE /* Debug */ = {
			isa = XCBuildConfiguration;
			buildSettings = {
				INTERMEDIATE_DIR = "$(PROJECT_DERIVED_FILE_DIR)/$(CONFIGURATION)";
				SDKROOT = macosx10.5;
				SHARED_INTERMEDIATE_DIR = "$(SYMROOT)/DerivedSources/$(CONFIGURATION)";
				SYMROOT = ../../../xcodebuild;
			};
			name = Debug;
		};
/* End XCBuildConfiguration section */

/* Begin XCConfigurationList section */
		3D83F83E55A97CE6F83A852E /* Build configuration list for PBXProject "ms_symbol_server_converter" */ = {
			isa = XCConfigurationList;
			buildConfigurations = (
				E80DE4294C9D160268542AFE /* Debug */,
				33F493A4115E36CAED86C55D /* Release */,
			);
			defaultConfigurationIsVisible = 1;
			defaultConfigurationName = Debug;
		};
		7D66E92AA3B4F02E249421DA /* Build configuration list for PBXNativeTarget "ms_symbol_server_converter" */ = {
			isa = XCConfigurationList;
			buildConfigurations = (
				D905C0089D756B45FB5595A0 /* Debug */,
				988E81E4E7064460906807BF /* Release */,
			);
			defaultConfigurationIsVisible = 1;
			defaultConfigurationName = Debug;
		};
/* End XCConfigurationList section */
	};
	rootObject = DC67AFFDFFEC99248884F047 /* Project object */;
}
