// !$*UTF8*$!
{
	archiveVersion = 1;
	classes = {
	};
	objectVersion = 45;
	objects = {

/* Begin PBXAggregateTarget section */
		B0DAFBCD826AD7E4DE5793D8 /* All */ = {
			isa = PBXAggregateTarget;
			buildConfigurationList = 89C54E27E53B2A4519C31C36 /* Build configuration list for PBXAggregateTarget "All" */;
			buildPhases = (
			);
			dependencies = (
				4471EEA2AE3E053BD5A6DC16 /* PBXTargetDependency */,
				42AFF470E56862894E7FCBD1 /* PBXTargetDependency */,
			);
			name = All;
			productName = All;
		};
/* End PBXAggregateTarget section */

/* Begin PBXBuildFile section */
		2E2E01EFDA12510FF198B2F3 /* dump_syms.cc in Sources */ = {isa = PBXBuildFile; fileRef = C5E08CB26C43AC31AB932DDC /* dump_syms.cc */; };
		4DC38E9CE9CF870D378F452E /* dump_syms_unittest.cc in Sources */ = {isa = PBXBuildFile; fileRef = C0B8B3867FB1BB6C8A6AA017 /* dump_syms_unittest.cc */; };
		B50BDAAECD014047A14C82CD /* libgmock.a in Frameworks */ = {isa = PBXBuildFile; fileRef = 047D88728963065625797F31 /* libgmock.a */; };
		F66C2872FB92FDCD13497FA3 /* libgtest.a in Frameworks */ = {isa = PBXBuildFile; fileRef = 979983F36688D1FF9855CEB1 /* libgtest.a */; };
		F9A358CEAD9EED8FF8131CF2 /* libcommon_windows_lib.a in Frameworks */ = {isa = PBXBuildFile; fileRef = 9483A6478282B66A88F01F26 /* libcommon_windows_lib.a */; };
/* End PBXBuildFile section */

/* Begin PBXContainerItemProxy section */
		03E2445C18A291348575CD2B /* PBXContainerItemProxy */ = {
			isa = PBXContainerItemProxy;
			containerPortal = BA83F16B503AEEC8631BA149 /* Project object */;
			proxyType = 1;
			remoteGlobalIDString = A34304F8226D10296105FABA;
			remoteInfo = dump_syms_unittest;
		};
		40374585EA857270A8CAA582 /* PBXContainerItemProxy */ = {
			isa = PBXContainerItemProxy;
			containerPortal = 31804C9D360AF8FD774FB0A3 /* testing.xcodeproj */;
			proxyType = 1;
			remoteGlobalIDString = 5F806667FA7E0C0A78D70ACB;
			remoteInfo = gmock;
		};
		44813E5ACA7BBAAA36585427 /* PBXContainerItemProxy */ = {
			isa = PBXContainerItemProxy;
			containerPortal = BA83F16B503AEEC8631BA149 /* Project object */;
			proxyType = 1;
			remoteGlobalIDString = 85BBCB68EFE3C3912EE72640;
			remoteInfo = dump_syms;
		};
		516567B949D672824CBA0FE4 /* PBXContainerItemProxy */ = {
			isa = PBXContainerItemProxy;
			containerPortal = 31804C9D360AF8FD774FB0A3 /* testing.xcodeproj */;
			proxyType = 2;
			remoteGlobalIDString = 5D140E1B5F97320E5108BF3D;
			remoteInfo = gtest;
		};
		8EEAAE1AB8B78DC9686131C1 /* PBXContainerItemProxy */ = {
			isa = PBXContainerItemProxy;
			containerPortal = BA83F16B503AEEC8631BA149 /* Project object */;
			proxyType = 1;
			remoteGlobalIDString = 85BBCB68EFE3C3912EE72640;
			remoteInfo = dump_syms;
		};
		A14741C57365297D77F1177B /* PBXContainerItemProxy */ = {
			isa = PBXContainerItemProxy;
			containerPortal = CEFB74C07CCCB77EDF6A17F7 /* common_windows.xcodeproj */;
			proxyType = 1;
			remoteGlobalIDString = CDF63C742A320DEEE238B9CF;
			remoteInfo = common_windows_lib;
		};
		B0699F66485AB415CE8F5552 /* PBXContainerItemProxy */ = {
			isa = PBXContainerItemProxy;
			containerPortal = CEFB74C07CCCB77EDF6A17F7 /* common_windows.xcodeproj */;
			proxyType = 1;
			remoteGlobalIDString = 3F364DABA7D5D6566724B28A;
			remoteInfo = dia_sdk;
		};
		D39DD0B46C129443B8AED445 /* PBXContainerItemProxy */ = {
			isa = PBXContainerItemProxy;
			containerPortal = CEFB74C07CCCB77EDF6A17F7 /* common_windows.xcodeproj */;
			proxyType = 2;
			remoteGlobalIDString = AC34CB41D01917963E4730C3;
			remoteInfo = common_windows_unittests;
		};
		D7FA2C26C6B34E18E1933ABE /* PBXContainerItemProxy */ = {
			isa = PBXContainerItemProxy;
			containerPortal = CEFB74C07CCCB77EDF6A17F7 /* common_windows.xcodeproj */;
			proxyType = 2;
			remoteGlobalIDString = 234BBFE1823023F7AC9350A2;
			remoteInfo = common_windows_lib;
		};
		F0B7EFF54ABA79336C01532F /* PBXContainerItemProxy */ = {
			isa = PBXContainerItemProxy;
			containerPortal = 31804C9D360AF8FD774FB0A3 /* testing.xcodeproj */;
			proxyType = 2;
			remoteGlobalIDString = 958FDA18A7B9DD7D66BEB50E;
			remoteInfo = gmock;
		};
		F503E7E59869D6FC84103102 /* PBXContainerItemProxy */ = {
			isa = PBXContainerItemProxy;
			containerPortal = 31804C9D360AF8FD774FB0A3 /* testing.xcodeproj */;
			proxyType = 1;
			remoteGlobalIDString = 4D4390F62B4460508B8A83FC;
			remoteInfo = gtest;
		};
/* End PBXContainerItemProxy section */

/* Begin PBXFileReference section */
		0C8B068DCFB61BE1FEC3B6B9 /* dump_syms */ = {isa = PBXFileReference; explicitFileType = "compiled.mach-o.executable"; includeInIndex = 0; path = dump_syms; sourceTree = BUILT_PRODUCTS_DIR; };
		31804C9D360AF8FD774FB0A3 /* testing.xcodeproj */ = {isa = PBXFileReference; lastKnownFileType = "wrapper.pb-project"; name = testing.xcodeproj; path = ../../../client/windows/unittests/testing.xcodeproj; sourceTree = SOURCE_ROOT; };
		76DAEC9C179BAD5346DC1E53 /* common.gypi */ = {isa = PBXFileReference; explicitFileType = sourcecode; name = common.gypi; path = ../../../build/common.gypi; sourceTree = "<group>"; };
		AA53C58C1565F42BDE54154E /* dump_syms_unittest */ = {isa = PBXFileReference; explicitFileType = "compiled.mach-o.executable"; includeInIndex = 0; path = dump_syms_unittest; sourceTree = BUILT_PRODUCTS_DIR; };
		B0D08591A324E3CD12658E91 /* filename_rules.gypi */ = {isa = PBXFileReference; explicitFileType = sourcecode; name = filename_rules.gypi; path = ../../../build/filename_rules.gypi; sourceTree = "<group>"; };
		C0B8B3867FB1BB6C8A6AA017 /* dump_syms_unittest.cc */ = {isa = PBXFileReference; lastKnownFileType = sourcecode.cpp.cpp; path = dump_syms_unittest.cc; sourceTree = "<group>"; };
		C5E08CB26C43AC31AB932DDC /* dump_syms.cc */ = {isa = PBXFileReference; lastKnownFileType = sourcecode.cpp.cpp; path = dump_syms.cc; sourceTree = "<group>"; };
		CEFB74C07CCCB77EDF6A17F7 /* common_windows.xcodeproj */ = {isa = PBXFileReference; lastKnownFileType = "wrapper.pb-project"; name = common_windows.xcodeproj; path = ../../../common/windows/common_windows.xcodeproj; sourceTree = SOURCE_ROOT; };
		F74D4C5F9B8E13F2BCBDA0C9 /* dump_syms.gyp */ = {isa = PBXFileReference; explicitFileType = sourcecode; path = dump_syms.gyp; sourceTree = "<group>"; };
/* End PBXFileReference section */

/* Begin PBXFrameworksBuildPhase section */
		0905A3C749F3E365ECB8C95E /* Frameworks */ = {
			isa = PBXFrameworksBuildPhase;
			buildActionMask = 2147483647;
			files = (
				F9A358CEAD9EED8FF8131CF2 /* libcommon_windows_lib.a in Frameworks */,
			);
			runOnlyForDeploymentPostprocessing = 0;
		};
		CAF0886C029D69DC978E3E91 /* Frameworks */ = {
			isa = PBXFrameworksBuildPhase;
			buildActionMask = 2147483647;
			files = (
				B50BDAAECD014047A14C82CD /* libgmock.a in Frameworks */,
				F66C2872FB92FDCD13497FA3 /* libgtest.a in Frameworks */,
			);
			runOnlyForDeploymentPostprocessing = 0;
		};
/* End PBXFrameworksBuildPhase section */

/* Begin PBXGroup section */
		341C69A97D01E88FC026EC7A /* Products */ = {
			isa = PBXGroup;
			children = (
				0C8B068DCFB61BE1FEC3B6B9 /* dump_syms */,
				AA53C58C1565F42BDE54154E /* dump_syms_unittest */,
			);
			name = Products;
			sourceTree = "<group>";
		};
		7A25214D801900683EF3A1AD /* Build */ = {
			isa = PBXGroup;
			children = (
				76DAEC9C179BAD5346DC1E53 /* common.gypi */,
				F74D4C5F9B8E13F2BCBDA0C9 /* dump_syms.gyp */,
				B0D08591A324E3CD12658E91 /* filename_rules.gypi */,
			);
			name = Build;
			sourceTree = "<group>";
		};
		81F37F3E3EE1A6BD71C9BF0A /* Projects */ = {
			isa = PBXGroup;
			children = (
				CEFB74C07CCCB77EDF6A17F7 /* common_windows.xcodeproj */,
				31804C9D360AF8FD774FB0A3 /* testing.xcodeproj */,
			);
			name = Projects;
			sourceTree = "<group>";
		};
		A73574CC81D656EDD02615FC = {
			isa = PBXGroup;
			children = (
				CF373D2CFC3C41EF0AF562AD /* Source */,
				81F37F3E3EE1A6BD71C9BF0A /* Projects */,
				341C69A97D01E88FC026EC7A /* Products */,
				7A25214D801900683EF3A1AD /* Build */,
			);
			sourceTree = "<group>";
		};
		A755DF631365B4B37BFE53B1 /* Products */ = {
			isa = PBXGroup;
			children = (
				979983F36688D1FF9855CEB1 /* libgtest.a */,
				047D88728963065625797F31 /* libgmock.a */,
			);
			name = Products;
			sourceTree = "<group>";
		};
		CF373D2CFC3C41EF0AF562AD /* Source */ = {
			isa = PBXGroup;
			children = (
				C5E08CB26C43AC31AB932DDC /* dump_syms.cc */,
				C0B8B3867FB1BB6C8A6AA017 /* dump_syms_unittest.cc */,
			);
			name = Source;
			sourceTree = "<group>";
		};
		DDB85848B72E4B7A7E971F38 /* Products */ = {
			isa = PBXGroup;
			children = (
				9483A6478282B66A88F01F26 /* libcommon_windows_lib.a */,
				E77A455CB44FB0AFED56C055 /* common_windows_unittests */,
			);
			name = Products;
			sourceTree = "<group>";
		};
/* End PBXGroup section */

/* Begin PBXNativeTarget section */
		85BBCB68EFE3C3912EE72640 /* dump_syms */ = {
			isa = PBXNativeTarget;
			buildConfigurationList = 681C1A1ECDC42068CFF63A44 /* Build configuration list for PBXNativeTarget "dump_syms" */;
			buildPhases = (
				8354A0EF045CEB2CC05DC4C3 /* Sources */,
				0905A3C749F3E365ECB8C95E /* Frameworks */,
			);
			buildRules = (
			);
			dependencies = (
				40654A9AC33E6F79F25C7088 /* PBXTargetDependency */,
				2A0AD61E5CBF25C10572B9A8 /* PBXTargetDependency */,
			);
			name = dump_syms;
			productName = dump_syms;
			productReference = 0C8B068DCFB61BE1FEC3B6B9 /* dump_syms */;
			productType = "com.apple.product-type.tool";
		};
		A34304F8226D10296105FABA /* dump_syms_unittest */ = {
			isa = PBXNativeTarget;
			buildConfigurationList = DABF74DBF7166AFFE90BCFF8 /* Build configuration list for PBXNativeTarget "dump_syms_unittest" */;
			buildPhases = (
				D458803276913E951C6E2F11 /* Sources */,
				CAF0886C029D69DC978E3E91 /* Frameworks */,
			);
			buildRules = (
			);
			dependencies = (
				9760640BB98B4DB97BCE1BC3 /* PBXTargetDependency */,
				685612E415C1613BC018A972 /* PBXTargetDependency */,
				73D488EF90203BBC789FD07C /* PBXTargetDependency */,
			);
			name = dump_syms_unittest;
			productName = dump_syms_unittest;
			productReference = AA53C58C1565F42BDE54154E /* dump_syms_unittest */;
			productType = "com.apple.product-type.tool";
		};
/* End PBXNativeTarget section */

/* Begin PBXProject section */
		BA83F16B503AEEC8631BA149 /* Project object */ = {
			isa = PBXProject;
			attributes = {
				BuildIndependentTargetsInParallel = YES;
			};
			buildConfigurationList = D4519EF2BC82271AF4231523 /* Build configuration list for PBXProject "dump_syms" */;
			compatibilityVersion = "Xcode 3.2";
			hasScannedForEncodings = 1;
			mainGroup = A73574CC81D656EDD02615FC;
			projectDirPath = "";
			projectReferences = (
				{
					ProductGroup = DDB85848B72E4B7A7E971F38 /* Products */;
					ProjectRef = CEFB74C07CCCB77EDF6A17F7 /* common_windows.xcodeproj */;
				},
				{
					ProductGroup = A755DF631365B4B37BFE53B1 /* Products */;
					ProjectRef = 31804C9D360AF8FD774FB0A3 /* testing.xcodeproj */;
				},
			);
			projectRoot = "";
			targets = (
				B0DAFBCD826AD7E4DE5793D8 /* All */,
				85BBCB68EFE3C3912EE72640 /* dump_syms */,
				A34304F8226D10296105FABA /* dump_syms_unittest */,
			);
		};
/* End PBXProject section */

/* Begin PBXReferenceProxy section */
		047D88728963065625797F31 /* libgmock.a */ = {
			isa = PBXReferenceProxy;
			fileType = archive.ar;
			path = libgmock.a;
			remoteRef = F0B7EFF54ABA79336C01532F /* PBXContainerItemProxy */;
			sourceTree = BUILT_PRODUCTS_DIR;
		};
		9483A6478282B66A88F01F26 /* libcommon_windows_lib.a */ = {
			isa = PBXReferenceProxy;
			fileType = archive.ar;
			path = libcommon_windows_lib.a;
			remoteRef = D7FA2C26C6B34E18E1933ABE /* PBXContainerItemProxy */;
			sourceTree = BUILT_PRODUCTS_DIR;
		};
		979983F36688D1FF9855CEB1 /* libgtest.a */ = {
			isa = PBXReferenceProxy;
			fileType = archive.ar;
			path = libgtest.a;
			remoteRef = 516567B949D672824CBA0FE4 /* PBXContainerItemProxy */;
			sourceTree = BUILT_PRODUCTS_DIR;
		};
		E77A455CB44FB0AFED56C055 /* common_windows_unittests */ = {
			isa = PBXReferenceProxy;
			fileType = "compiled.mach-o.executable";
			path = common_windows_unittests;
			remoteRef = D39DD0B46C129443B8AED445 /* PBXContainerItemProxy */;
			sourceTree = BUILT_PRODUCTS_DIR;
		};
/* End PBXReferenceProxy section */

/* Begin PBXSourcesBuildPhase section */
		8354A0EF045CEB2CC05DC4C3 /* Sources */ = {
			isa = PBXSourcesBuildPhase;
			buildActionMask = 2147483647;
			files = (
				2E2E01EFDA12510FF198B2F3 /* dump_syms.cc in Sources */,
			);
			runOnlyForDeploymentPostprocessing = 0;
		};
		D458803276913E951C6E2F11 /* Sources */ = {
			isa = PBXSourcesBuildPhase;
			buildActionMask = 2147483647;
			files = (
				4DC38E9CE9CF870D378F452E /* dump_syms_unittest.cc in Sources */,
			);
			runOnlyForDeploymentPostprocessing = 0;
		};
/* End PBXSourcesBuildPhase section */

/* Begin PBXTargetDependency section */
		2A0AD61E5CBF25C10572B9A8 /* PBXTargetDependency */ = {
			isa = PBXTargetDependency;
			name = dia_sdk;
			targetProxy = B0699F66485AB415CE8F5552 /* PBXContainerItemProxy */;
		};
		40654A9AC33E6F79F25C7088 /* PBXTargetDependency */ = {
			isa = PBXTargetDependency;
			name = common_windows_lib;
			targetProxy = A14741C57365297D77F1177B /* PBXContainerItemProxy */;
		};
		42AFF470E56862894E7FCBD1 /* PBXTargetDependency */ = {
			isa = PBXTargetDependency;
			target = A34304F8226D10296105FABA /* dump_syms_unittest */;
			targetProxy = 03E2445C18A291348575CD2B /* PBXContainerItemProxy */;
		};
		4471EEA2AE3E053BD5A6DC16 /* PBXTargetDependency */ = {
			isa = PBXTargetDependency;
			target = 85BBCB68EFE3C3912EE72640 /* dump_syms */;
			targetProxy = 8EEAAE1AB8B78DC9686131C1 /* PBXContainerItemProxy */;
		};
		685612E415C1613BC018A972 /* PBXTargetDependency */ = {
			isa = PBXTargetDependency;
			name = gtest;
			targetProxy = F503E7E59869D6FC84103102 /* PBXContainerItemProxy */;
		};
		73D488EF90203BBC789FD07C /* PBXTargetDependency */ = {
			isa = PBXTargetDependency;
			target = 85BBCB68EFE3C3912EE72640 /* dump_syms */;
			targetProxy = 44813E5ACA7BBAAA36585427 /* PBXContainerItemProxy */;
		};
		9760640BB98B4DB97BCE1BC3 /* PBXTargetDependency */ = {
			isa = PBXTargetDependency;
			name = gmock;
			targetProxy = 40374585EA857270A8CAA582 /* PBXContainerItemProxy */;
		};
/* End PBXTargetDependency section */

/* Begin XCBuildConfiguration section */
		327332DB421349A3E782BAE0 /* Release */ = {
			isa = XCBuildConfiguration;
			buildSettings = {
				PRODUCT_NAME = All;
			};
			name = Release;
		};
		418D1AE22E9609B60BE98B25 /* Debug */ = {
			isa = XCBuildConfiguration;
			buildSettings = {
				ALWAYS_SEARCH_USER_PATHS = NO;
				COPY_PHASE_STRIP = NO;
				EXECUTABLE_PREFIX = "";
				GCC_CW_ASM_SYNTAX = NO;
				GCC_C_LANGUAGE_STANDARD = c99;
				GCC_DYNAMIC_NO_PIC = NO;
				GCC_ENABLE_CPP_EXCEPTIONS = NO;
				GCC_ENABLE_CPP_RTTI = YES;
				GCC_ENABLE_PASCAL_STRINGS = NO;
				GCC_INLINES_ARE_PRIVATE_EXTERN = YES;
				GCC_OBJC_CALL_CXX_CDTORS = YES;
				GCC_OPTIMIZATION_LEVEL = 0;
				GCC_PRECOMPILE_PREFIX_HEADER = YES;
				GCC_PREPROCESSOR_DEFINITIONS = "_VARIADIC_MAX=10";
				GCC_SYMBOLS_PRIVATE_EXTERN = YES;
				GCC_THREADSAFE_STATICS = NO;
				GCC_TREAT_WARNINGS_AS_ERRORS = NO;
				GCC_VERSION = 4.2;
				GCC_WARN_ABOUT_MISSING_NEWLINE = YES;
				HEADER_SEARCH_PATHS = (
					../../..,
					"$(VSInstallDir)/DIA SDK/include",
					../../../testing/include,
					../../../testing/googletest/include,
					../../../testing/googletest,
					../../../testing/googlemock/include,
					../../../testing/googlemock,
					../../../testing,
					../../../testing/gtest/include,
				);
				MACOSX_DEPLOYMENT_TARGET = 10.5;
				OTHER_CFLAGS = "";
				OTHER_LDFLAGS = "-Wl,-search_paths_first";
				PREBINDING = NO;
				PRODUCT_NAME = dump_syms_unittest;
				USE_HEADERMAP = NO;
				WARNING_CFLAGS = "-Wendif-labels";
				WARNING_CFLAGS_excluded = "-Wall";
			};
			name = Debug;
		};
		4EB97AE98D887632E0FD31FC /* Debug */ = {
			isa = XCBuildConfiguration;
			buildSettings = {
				PRODUCT_NAME = All;
			};
			name = Debug;
		};
		808FECB75F06444207BCAD84 /* Release */ = {
			isa = XCBuildConfiguration;
			buildSettings = {
				INTERMEDIATE_DIR = "$(PROJECT_DERIVED_FILE_DIR)/$(CONFIGURATION)";
				SDKROOT = macosx10.5;
				SHARED_INTERMEDIATE_DIR = "$(SYMROOT)/DerivedSources/$(CONFIGURATION)";
				SYMROOT = ../../../xcodebuild;
			};
			name = Release;
		};
		92C25A26A3846C14D49E967B /* Release */ = {
			isa = XCBuildConfiguration;
			buildSettings = {
				ALWAYS_SEARCH_USER_PATHS = NO;
				DEAD_CODE_STRIPPING = YES;
				EXECUTABLE_PREFIX = "";
				GCC_CW_ASM_SYNTAX = NO;
				GCC_C_LANGUAGE_STANDARD = c99;
				GCC_DYNAMIC_NO_PIC = NO;
				GCC_ENABLE_CPP_EXCEPTIONS = NO;
				GCC_ENABLE_CPP_RTTI = YES;
				GCC_ENABLE_PASCAL_STRINGS = NO;
				GCC_INLINES_ARE_PRIVATE_EXTERN = YES;
				GCC_OBJC_CALL_CXX_CDTORS = YES;
				GCC_OPTIMIZATION_LEVEL = 3;
				GCC_PRECOMPILE_PREFIX_HEADER = YES;
				GCC_PREPROCESSOR_DEFINITIONS = (
					NDEBUG,
					NVALGRIND,
					OFFICIAL_BUILD,
				);
				GCC_SYMBOLS_PRIVATE_EXTERN = YES;
				GCC_THREADSAFE_STATICS = NO;
				GCC_TREAT_WARNINGS_AS_ERRORS = NO;
				GCC_VERSION = 4.2;
				GCC_WARN_ABOUT_MISSING_NEWLINE = YES;
				HEADER_SEARCH_PATHS = (
					../../..,
					"$(VSInstallDir)/DIA SDK/include",
				);
				MACOSX_DEPLOYMENT_TARGET = 10.5;
				OTHER_CFLAGS = "";
				OTHER_LDFLAGS = "-Wl,-search_paths_first";
				PREBINDING = NO;
				PRODUCT_NAME = dump_syms;
				USE_HEADERMAP = NO;
				WARNING_CFLAGS = "-Wendif-labels";
				WARNING_CFLAGS_excluded = "-Wall";
			};
			name = Release;
		};
		936BA2D333F4BEFAE26A3411 /* Debug */ = {
			isa = XCBuildConfiguration;
			buildSettings = {
				ALWAYS_SEARCH_USER_PATHS = NO;
				COPY_PHASE_STRIP = NO;
				EXECUTABLE_PREFIX = "";
				GCC_CW_ASM_SYNTAX = NO;
				GCC_C_LANGUAGE_STANDARD = c99;
				GCC_DYNAMIC_NO_PIC = NO;
				GCC_ENABLE_CPP_EXCEPTIONS = NO;
				GCC_ENABLE_CPP_RTTI = YES;
				GCC_ENABLE_PASCAL_STRINGS = NO;
				GCC_INLINES_ARE_PRIVATE_EXTERN = YES;
				GCC_OBJC_CALL_CXX_CDTORS = YES;
				GCC_OPTIMIZATION_LEVEL = 0;
				GCC_PRECOMPILE_PREFIX_HEADER = YES;
				GCC_SYMBOLS_PRIVATE_EXTERN = YES;
				GCC_THREADSAFE_STATICS = NO;
				GCC_TREAT_WARNINGS_AS_ERRORS = NO;
				GCC_VERSION = 4.2;
				GCC_WARN_ABOUT_MISSING_NEWLINE = YES;
				HEADER_SEARCH_PATHS = (
					../../..,
					"$(VSInstallDir)/DIA SDK/include",
				);
				MACOSX_DEPLOYMENT_TARGET = 10.5;
				OTHER_CFLAGS = "";
				OTHER_LDFLAGS = "-Wl,-search_paths_first";
				PREBINDING = NO;
				PRODUCT_NAME = dump_syms;
				USE_HEADERMAP = NO;
				WARNING_CFLAGS = "-Wendif-labels";
				WARNING_CFLAGS_excluded = "-Wall";
			};
			name = Debug;
		};
		B630D5F472B85ACE60657592 /* Release */ = {
			isa = XCBuildConfiguration;
			buildSettings = {
				ALWAYS_SEARCH_USER_PATHS = NO;
				DEAD_CODE_STRIPPING = YES;
				EXECUTABLE_PREFIX = "";
				GCC_CW_ASM_SYNTAX = NO;
				GCC_C_LANGUAGE_STANDARD = c99;
				GCC_DYNAMIC_NO_PIC = NO;
				GCC_ENABLE_CPP_EXCEPTIONS = NO;
				GCC_ENABLE_CPP_RTTI = YES;
				GCC_ENABLE_PASCAL_STRINGS = NO;
				GCC_INLINES_ARE_PRIVATE_EXTERN = YES;
				GCC_OBJC_CALL_CXX_CDTORS = YES;
				GCC_OPTIMIZATION_LEVEL = 3;
				GCC_PRECOMPILE_PREFIX_HEADER = YES;
				GCC_PREPROCESSOR_DEFINITIONS = (
					"_VARIADIC_MAX=10",
					NDEBUG,
					NVALGRIND,
					OFFICIAL_BUILD,
				);
				GCC_SYMBOLS_PRIVATE_EXTERN = YES;
				GCC_THREADSAFE_STATICS = NO;
				GCC_TREAT_WARNINGS_AS_ERRORS = NO;
				GCC_VERSION = 4.2;
				GCC_WARN_ABOUT_MISSING_NEWLINE = YES;
				HEADER_SEARCH_PATHS = (
					../../..,
					"$(VSInstallDir)/DIA SDK/include",
					../../../testing/include,
					../../../testing/googletest/include,
					../../../testing/googletest,
					../../../testing/googlemock/include,
					../../../testing/googlemock,
					../../../testing,
					../../../testing/gtest/include,
				);
				MACOSX_DEPLOYMENT_TARGET = 10.5;
				OTHER_CFLAGS = "";
				OTHER_LDFLAGS = "-Wl,-search_paths_first";
				PREBINDING = NO;
				PRODUCT_NAME = dump_syms_unittest;
				USE_HEADERMAP = NO;
				WARNING_CFLAGS = "-Wendif-labels";
				WARNING_CFLAGS_excluded = "-Wall";
			};
			name = Release;
		};
		DA6CEC38582807B61BC6A226 /* Debug */ = {
			isa = XCBuildConfiguration;
			buildSettings = {
				INTERMEDIATE_DIR = "$(PROJECT_DERIVED_FILE_DIR)/$(CONFIGURATION)";
				SDKROOT = macosx10.5;
				SHARED_INTERMEDIATE_DIR = "$(SYMROOT)/DerivedSources/$(CONFIGURATION)";
				SYMROOT = ../../../xcodebuild;
			};
			name = Debug;
		};
/* End XCBuildConfiguration section */

/* Begin XCConfigurationList section */
		681C1A1ECDC42068CFF63A44 /* Build configuration list for PBXNativeTarget "dump_syms" */ = {
			isa = XCConfigurationList;
			buildConfigurations = (
				936BA2D333F4BEFAE26A3411 /* Debug */,
				92C25A26A3846C14D49E967B /* Release */,
			);
			defaultConfigurationIsVisible = 1;
			defaultConfigurationName = Debug;
		};
		89C54E27E53B2A4519C31C36 /* Build configuration list for PBXAggregateTarget "All" */ = {
			isa = XCConfigurationList;
			buildConfigurations = (
				4EB97AE98D887632E0FD31FC /* Debug */,
				327332DB421349A3E782BAE0 /* Release */,
			);
			defaultConfigurationIsVisible = 1;
			defaultConfigurationName = Debug;
		};
		D4519EF2BC82271AF4231523 /* Build configuration list for PBXProject "dump_syms" */ = {
			isa = XCConfigurationList;
			buildConfigurations = (
				DA6CEC38582807B61BC6A226 /* Debug */,
				808FECB75F06444207BCAD84 /* Release */,
			);
			defaultConfigurationIsVisible = 1;
			defaultConfigurationName = Debug;
		};
		DABF74DBF7166AFFE90BCFF8 /* Build configuration list for PBXNativeTarget "dump_syms_unittest" */ = {
			isa = XCConfigurationList;
			buildConfigurations = (
				418D1AE22E9609B60BE98B25 /* Debug */,
				B630D5F472B85ACE60657592 /* Release */,
			);
			defaultConfigurationIsVisible = 1;
			defaultConfigurationName = Debug;
		};
/* End XCConfigurationList section */
	};
	rootObject = BA83F16B503AEEC8631BA149 /* Project object */;
}
